<?xml version="1.0" encoding="utf-8"?>
<Project ToolsVersion="4.0" xmlns="http://schemas.microsoft.com/developer/msbuild/2003">
  <ItemGroup>
    <Filter Include="Source Files">
      <UniqueIdentifier>{4FC737F1-C7A5-4376-A066-2A32D752A2FF}</UniqueIdentifier>
      <Extensions>cpp;c;cc;cxx;def;odl;idl;hpj;bat;asm;asmx</Extensions>
    </Filter>
    <Filter Include="Header Files">
      <UniqueIdentifier>{93995380-89BD-4b04-88EB-625FBE52EBFB}</UniqueIdentifier>
      <Extensions>h;hpp;hxx;hm;inl;inc;xsd</Extensions>
    </Filter>
    <Filter Include="Resource Files">
      <UniqueIdentifier>{67DA6AB6-F800-4c08-8B7A-83BB121AAD01}</UniqueIdentifier>
      <Extensions>rc;ico;cur;bmp;dlg;rc2;rct;bin;rgs;gif;jpg;jpeg;jpe;resx;tiff;tif;png;wav;mfcribbon-ms</Extensions>
    </Filter>
  </ItemGroup>
  <ItemGroup>
    <None Include="ReadMe.txt" />
    <None Include="holiday.txt" />
    <None Include="instance.properties" />
    <None Include="swapRate.txt" />
    <None Include="deposit.txt" />
  </ItemGroup>
  <ItemGroup>
    <ClInclude Include="stdafx.h">
      <Filter>Header Files</Filter>
    </ClInclude>
    <ClInclude Include="targetver.h">
      <Filter>Header Files</Filter>
    </ClInclude>
    <ClInclude Include="instrumentValue.h">
      <Filter>Header Files</Filter>
    </ClInclude>
    <ClInclude Include="instrumentBase.h">
      <Filter>Header Files</Filter>
    </ClInclude>
    <ClInclude Include="marketdata.h">
      <Filter>Header Files</Filter>
    </ClInclude>
    <ClInclude Include="spot.h">
      <Filter>Header Files</Filter>
    </ClInclude>
    <ClInclude Include="swap.h">
      <Filter>Header Files</Filter>
    </ClInclude>
    <ClInclude Include="deposit.h">
      <Filter>Header Files</Filter>
    </ClInclude>
    <ClInclude Include="future.h">
      <Filter>Header Files</Filter>
    </ClInclude>
    <ClInclude Include="forward.h">
      <Filter>Header Files</Filter>
    </ClInclude>
    <ClInclude Include="bond.h">
      <Filter>Header Files</Filter>
    </ClInclude>
    <ClInclude Include="option.h">
      <Filter>Header Files</Filter>
    </ClInclude>
    <ClInclude Include="swaption.h">
      <Filter>Header Files</Filter>
    </ClInclude>
    <ClInclude Include="date.h">
      <Filter>Header Files</Filter>
    </ClInclude>
    <ClInclude Include="currency.h">
      <Filter>Header Files</Filter>
    </ClInclude>
    <ClInclude Include="dateUtil.h">
      <Filter>Header Files</Filter>
    </ClInclude>
    <ClInclude Include="zero.h">
      <Filter>Header Files</Filter>
    </ClInclude>
    <ClInclude Include="AbstractFileSource.h">
      <Filter>Header Files</Filter>
    </ClInclude>
    <ClInclude Include="HolidayFileSource.h">
      <Filter>Header Files</Filter>
    </ClInclude>
    <ClInclude Include="AbstractSession.h">
      <Filter>Header Files</Filter>
    </ClInclude>
    <ClInclude Include="AbstractDao.h">
      <Filter>Header Files</Filter>
    </ClInclude>
    <ClInclude Include="fileUtil.h">
      <Filter>Header Files</Filter>
    </ClInclude>
    <ClInclude Include="DepositFileSource.h">
      <Filter>Header Files</Filter>
    </ClInclude>
    <ClInclude Include="swapRateFileSource.h">
      <Filter>Header Files</Filter>
    </ClInclude>
    <ClInclude Include="ConfigurationFileSource.h">
      <Filter>Header Files</Filter>
    </ClInclude>
    <ClInclude Include="configuration.h">
      <Filter>Header Files</Filter>
    </ClInclude>
    <ClInclude Include="spotmatrix.h">
      <Filter>Header Files</Filter>
    </ClInclude>
    <ClInclude Include="cashflow.h">
      <Filter>Header Files</Filter>
    </ClInclude>
    <ClInclude Include="Enums.h">
      <Filter>Header Files</Filter>
    </ClInclude>
    <ClInclude Include="AbstractNumerical.h">
      <Filter>Header Files</Filter>
    </ClInclude>
    <ClInclude Include="AbstractInterpolator.h">
      <Filter>Header Files</Filter>
    </ClInclude>
    <ClInclude Include="RecordHelper.h">
      <Filter>Header Files</Filter>
    </ClInclude>
    <ClInclude Include="cashflowLeg.h">
      <Filter>Header Files</Filter>
    </ClInclude>
  </ItemGroup>
  <ItemGroup>
    <ClCompile Include="stdafx.cpp">
      <Filter>Source Files</Filter>
    </ClCompile>
    <ClCompile Include="DymonProject.cpp">
      <Filter>Source Files</Filter>
    </ClCompile>
    <ClCompile Include="marketdata.cpp">
      <Filter>Source Files</Filter>
    </ClCompile>
    <ClCompile Include="dateUtil.cpp">
      <Filter>Source Files</Filter>
    </ClCompile>
    <ClCompile Include="date.cpp">
      <Filter>Source Files</Filter>
    </ClCompile>
    <ClCompile Include="zero.cpp">
      <Filter>Source Files</Filter>
    </ClCompile>
    <ClCompile Include="currency.cpp">
      <Filter>Source Files</Filter>
    </ClCompile>
    <ClCompile Include="AbstractFileSource.cpp">
      <Filter>Source Files</Filter>
    </ClCompile>
    <ClCompile Include="HolidayFileSource.cpp">
      <Filter>Source Files</Filter>
    </ClCompile>
    <ClCompile Include="AbstractSession.cpp">
      <Filter>Source Files</Filter>
    </ClCompile>
    <ClCompile Include="AbstractDao.cpp">
      <Filter>Source Files</Filter>
    </ClCompile>
    <ClCompile Include="fileUtil.cpp">
      <Filter>Source Files</Filter>
    </ClCompile>
    <ClCompile Include="DepositFileSource.cpp">
      <Filter>Source Files</Filter>
    </ClCompile>
    <ClCompile Include="SwapRateFileSource.cpp">
      <Filter>Source Files</Filter>
    </ClCompile>
    <ClCompile Include="ConfigurationFileSource.cpp">
      <Filter>Source Files</Filter>
    </ClCompile>
    <ClCompile Include="Configuration.cpp">
      <Filter>Source Files</Filter>
    </ClCompile>
    <ClCompile Include="swap.cpp">
      <Filter>Source Files</Filter>
    </ClCompile>
    <ClCompile Include="cashflow.cpp">
      <Filter>Source Files</Filter>
    </ClCompile>
    <ClCompile Include="RecordHelper.cpp">
      <Filter>Source Files</Filter>
    </ClCompile>
    <ClCompile Include="AbstractInterpolator.cpp">
      <Filter>Source Files</Filter>
    </ClCompile>
    <ClCompile Include="cashflowLeg.cpp">
      <Filter>Source Files</Filter>
    </ClCompile>
  </ItemGroup>
</Project>