<?xml version="1.0" encoding="utf-8"?>
<Project ToolsVersion="4.0" xmlns="http://schemas.microsoft.com/developer/msbuild/2003">
  <ItemGroup>
    <Filter Include="Source Files">
      <UniqueIdentifier>{4FC737F1-C7A5-4376-A066-2A32D752A2FF}</UniqueIdentifier>
      <Extensions>cpp;c;cc;cxx;def;odl;idl;hpj;bat;asm;asmx</Extensions>
    </Filter>
    <Filter Include="Header Files">
      <UniqueIdentifier>{93995380-89BD-4b04-88EB-625FBE52EBFB}</UniqueIdentifier>
      <Extensions>h;hpp;hxx;hm;inl;inc;xsd</Extensions>
    </Filter>
    <Filter Include="Source Files\Resource Files">
      <UniqueIdentifier>{67DA6AB6-F800-4c08-8B7A-83BB121AAD01}</UniqueIdentifier>
      <Extensions>rc;ico;cur;bmp;dlg;rc2;rct;bin;rgs;gif;jpg;jpeg;jpe;resx;tiff;tif;png;wav;mfcribbon-ms</Extensions>
    </Filter>
  </ItemGroup>
  <ItemGroup>
    <None Include="ReadMe.txt" />
    <None Include="holiday.txt" />
    <None Include="instance.properties" />
    <None Include="swapRate.txt" />
    <None Include="deposit.txt" />
    <None Include="swaption_skew_USD.csv" />
    <None Include="MarketConvention.csv" />
  </ItemGroup>
  <ItemGroup>
    <ClInclude Include="stdafx.h">
      <Filter>Header Files</Filter>
    </ClInclude>
    <ClInclude Include="targetver.h">
      <Filter>Header Files</Filter>
    </ClInclude>
    <ClInclude Include="instrumentValue.h">
      <Filter>Header Files</Filter>
    </ClInclude>
    <ClInclude Include="marketdata.h">
      <Filter>Header Files</Filter>
    </ClInclude>
    <ClInclude Include="swap.h">
      <Filter>Header Files</Filter>
    </ClInclude>
    <ClInclude Include="deposit.h">
      <Filter>Header Files</Filter>
    </ClInclude>
    <ClInclude Include="future.h">
      <Filter>Header Files</Filter>
    </ClInclude>
    <ClInclude Include="forward.h">
      <Filter>Header Files</Filter>
    </ClInclude>
    <ClInclude Include="bond.h">
      <Filter>Header Files</Filter>
    </ClInclude>
    <ClInclude Include="swaption.h">
      <Filter>Header Files</Filter>
    </ClInclude>
    <ClInclude Include="date.h">
      <Filter>Header Files</Filter>
    </ClInclude>
    <ClInclude Include="dateUtil.h">
      <Filter>Header Files</Filter>
    </ClInclude>
    <ClInclude Include="zero.h">
      <Filter>Header Files</Filter>
    </ClInclude>
    <ClInclude Include="AbstractFileSource.h">
      <Filter>Header Files</Filter>
    </ClInclude>
    <ClInclude Include="HolidayFileSource.h">
      <Filter>Header Files</Filter>
    </ClInclude>
    <ClInclude Include="AbstractSession.h">
      <Filter>Header Files</Filter>
    </ClInclude>
    <ClInclude Include="AbstractDao.h">
      <Filter>Header Files</Filter>
    </ClInclude>
    <ClInclude Include="fileUtil.h">
      <Filter>Header Files</Filter>
    </ClInclude>
    <ClInclude Include="DepositFileSource.h">
      <Filter>Header Files</Filter>
    </ClInclude>
    <ClInclude Include="swapRateFileSource.h">
      <Filter>Header Files</Filter>
    </ClInclude>
    <ClInclude Include="ConfigurationFileSource.h">
      <Filter>Header Files</Filter>
    </ClInclude>
    <ClInclude Include="configuration.h">
      <Filter>Header Files</Filter>
    </ClInclude>
    <ClInclude Include="cashflow.h">
      <Filter>Header Files</Filter>
    </ClInclude>
    <ClInclude Include="Enums.h">
      <Filter>Header Files</Filter>
    </ClInclude>
    <ClInclude Include="AbstractNumerical.h">
      <Filter>Header Files</Filter>
    </ClInclude>
    <ClInclude Include="AbstractInterpolator.h">
      <Filter>Header Files</Filter>
    </ClInclude>
    <ClInclude Include="RecordHelper.h">
      <Filter>Header Files</Filter>
    </ClInclude>
    <ClInclude Include="LinearInterpolator.h">
      <Filter>Header Files</Filter>
    </ClInclude>
    <ClInclude Include="AbstractCurve.h">
      <Filter>Header Files</Filter>
    </ClInclude>
    <ClInclude Include="LogLinearInterpolator.h">
      <Filter>Header Files</Filter>
    </ClInclude>
    <ClInclude Include="Bisection.h">
      <Filter>Header Files</Filter>
    </ClInclude>
    <ClInclude Include="cashflowLeg.h">
      <Filter>Header Files</Filter>
    </ClInclude>
    <ClInclude Include="BuilderCashFlowLeg.h">
      <Filter>Header Files</Filter>
    </ClInclude>
    <ClInclude Include="InterpolatorFactory.h">
      <Filter>Header Files</Filter>
    </ClInclude>
    <ClInclude Include="AbstractDataStructure.h">
      <Filter>Header Files</Filter>
    </ClInclude>
    <ClInclude Include="AbstractBootStrapper.h">
      <Filter>Header Files</Filter>
    </ClInclude>
    <ClInclude Include="AbstractBuilder.h">
      <Filter>Header Files</Filter>
    </ClInclude>
    <ClInclude Include="SwapRateBootStrapper.h">
      <Filter>Header Files</Filter>
    </ClInclude>
    <ClInclude Include="DepositRateBootStrapper.h">
      <Filter>Header Files</Filter>
    </ClInclude>
    <ClInclude Include="AbstractInstrument.h">
      <Filter>Header Files</Filter>
    </ClInclude>
    <ClInclude Include="EnumHelper.h">
      <Filter>Header Files</Filter>
    </ClInclude>
    <ClInclude Include="AbstractPricer.h">
      <Filter>Header Files</Filter>
    </ClInclude>
    <ClInclude Include="Secant.h">
      <Filter>Header Files</Filter>
    </ClInclude>
    <ClInclude Include="Ridder.h">
      <Filter>Header Files</Filter>
    </ClInclude>
    <ClInclude Include="FalsePosition.h">
      <Filter>Header Files</Filter>
    </ClInclude>
    <ClInclude Include="TestNumerical.h">
      <Filter>Header Files</Filter>
    </ClInclude>
    <ClInclude Include="TestInterpolator.h">
      <Filter>Header Files</Filter>
    </ClInclude>
    <ClInclude Include="SwapPricer.h">
      <Filter>Header Files</Filter>
    </ClInclude>
    <ClInclude Include="AbstractTest.h">
      <Filter>Header Files</Filter>
    </ClInclude>
    <ClInclude Include="TestDateUtil.h">
      <Filter>Header Files</Filter>
    </ClInclude>
    <ClInclude Include="OvernightRateBootStrapper.h">
      <Filter>Header Files</Filter>
    </ClInclude>
    <ClInclude Include="TestBuildCashFlowLeg.h">
      <Filter>Header Files</Filter>
    </ClInclude>
    <ClInclude Include="OptionPricer.h">
      <Filter>Header Files</Filter>
    </ClInclude>
    <ClInclude Include="AbstractOption.h">
      <Filter>Header Files</Filter>
    </ClInclude>
    <ClInclude Include="TestOption.h">
      <Filter>Header Files</Filter>
    </ClInclude>
    <ClInclude Include="EuropeanOption.h">
      <Filter>Header Files</Filter>
    </ClInclude>
    <ClInclude Include="TestDiscountCurve.h">
      <Filter>Header Files</Filter>
    </ClInclude>
    <ClInclude Include="DiscountCurve.h">
      <Filter>Header Files</Filter>
    </ClInclude>
    <ClInclude Include="DiscountCurveBuilder.h">
      <Filter>Header Files</Filter>
    </ClInclude>
    <ClInclude Include="MathUtil.h">
      <Filter>Header Files</Filter>
    </ClInclude>
    <ClInclude Include="SwaptionVolSurface.h">
      <Filter>Header Files</Filter>
    </ClInclude>
    <ClInclude Include="AbstractSurface.h">
      <Filter>Header Files</Filter>
    </ClInclude>
    <ClInclude Include="numericalfactory.h">
      <Filter>Header Files</Filter>
    </ClInclude>
    <ClInclude Include="TestSurface.h">
      <Filter>Header Files</Filter>
    </ClInclude>
    <ClInclude Include="SwaptionVolCube.h">
      <Filter>Header Files</Filter>
    </ClInclude>
    <ClInclude Include="SwaptionVolCubeBuilder.h">
      <Filter>Header Files</Filter>
    </ClInclude>
    <ClInclude Include="Market.h">
      <Filter>Header Files</Filter>
    </ClInclude>
    <ClInclude Include="MarketFileSource.h">
      <Filter>Header Files</Filter>
    </ClInclude>
    <ClInclude Include="SwaptionVolFileSource.h">
      <Filter>Header Files</Filter>
    </ClInclude>
    <ClInclude Include="Constants.h">
      <Filter>Header Files</Filter>
    </ClInclude>
    <ClInclude Include="Matrix.h">
      <Filter>Header Files</Filter>
    </ClInclude>
    <ClInclude Include="BondPriceFileSource.h">
      <Filter>Header Files</Filter>
    </ClInclude>
    <ClInclude Include="CubicSplineInterpolator.h">
      <Filter>Header Files</Filter>
    </ClInclude>
    <ClInclude Include="BondCurve.h">
      <Filter>Header Files</Filter>
    </ClInclude>
    <ClInclude Include="BondCurveBuilder.h">
      <Filter>Header Files</Filter>
    </ClInclude>
  </ItemGroup>
  <ItemGroup>
    <ClCompile Include="stdafx.cpp">
      <Filter>Source Files</Filter>
    </ClCompile>
    <ClCompile Include="DymonProject.cpp">
      <Filter>Source Files</Filter>
    </ClCompile>
    <ClCompile Include="marketdata.cpp">
      <Filter>Source Files</Filter>
    </ClCompile>
    <ClCompile Include="dateUtil.cpp">
      <Filter>Source Files</Filter>
    </ClCompile>
    <ClCompile Include="date.cpp">
      <Filter>Source Files</Filter>
    </ClCompile>
    <ClCompile Include="zero.cpp">
      <Filter>Source Files</Filter>
    </ClCompile>
    <ClCompile Include="AbstractFileSource.cpp">
      <Filter>Source Files</Filter>
    </ClCompile>
    <ClCompile Include="HolidayFileSource.cpp">
      <Filter>Source Files</Filter>
    </ClCompile>
    <ClCompile Include="AbstractSession.cpp">
      <Filter>Source Files</Filter>
    </ClCompile>
    <ClCompile Include="fileUtil.cpp">
      <Filter>Source Files</Filter>
    </ClCompile>
    <ClCompile Include="DepositFileSource.cpp">
      <Filter>Source Files</Filter>
    </ClCompile>
    <ClCompile Include="SwapRateFileSource.cpp">
      <Filter>Source Files</Filter>
    </ClCompile>
    <ClCompile Include="ConfigurationFileSource.cpp">
      <Filter>Source Files</Filter>
    </ClCompile>
    <ClCompile Include="Configuration.cpp">
      <Filter>Source Files</Filter>
    </ClCompile>
    <ClCompile Include="swap.cpp">
      <Filter>Source Files</Filter>
    </ClCompile>
    <ClCompile Include="cashflow.cpp">
      <Filter>Source Files</Filter>
    </ClCompile>
    <ClCompile Include="RecordHelper.cpp">
      <Filter>Source Files</Filter>
    </ClCompile>
    <ClCompile Include="Newton.h">
      <Filter>Header Files</Filter>
    </ClCompile>
    <ClCompile Include="cashflowLeg.cpp">
      <Filter>Source Files</Filter>
    </ClCompile>
    <ClCompile Include="BuilderCashFlowLeg.cpp">
      <Filter>Source Files</Filter>
    </ClCompile>
    <ClCompile Include="SwapRateBootStrapper.cpp">
      <Filter>Source Files</Filter>
    </ClCompile>
    <ClCompile Include="DepositRateBootStrapper.cpp">
      <Filter>Source Files</Filter>
    </ClCompile>
    <ClCompile Include="EnumHelper.cpp">
      <Filter>Source Files</Filter>
    </ClCompile>
    <ClCompile Include="TestNumerical.cpp">
      <Filter>Source Files</Filter>
    </ClCompile>
    <ClCompile Include="TestInterpolator.cpp">
      <Filter>Source Files</Filter>
    </ClCompile>
    <ClCompile Include="SwapPricer.cpp">
      <Filter>Source Files</Filter>
    </ClCompile>
    <ClCompile Include="AbstractTest.cpp">
      <Filter>Source Files</Filter>
    </ClCompile>
    <ClCompile Include="TestDateUtil.cpp">
      <Filter>Source Files</Filter>
    </ClCompile>
    <ClCompile Include="OvernightRateBootStrapper.cpp">
      <Filter>Source Files</Filter>
    </ClCompile>
    <ClCompile Include="TestBuildCashFlowLeg.cpp">
      <Filter>Source Files</Filter>
    </ClCompile>
    <ClCompile Include="OptionPricer.cpp">
      <Filter>Source Files</Filter>
    </ClCompile>
    <ClCompile Include="TestOption.cpp">
      <Filter>Source Files</Filter>
    </ClCompile>
    <ClCompile Include="EuropeanOption.cpp">
      <Filter>Source Files</Filter>
    </ClCompile>
    <ClCompile Include="DiscountCurve.cpp">
      <Filter>Source Files</Filter>
    </ClCompile>
    <ClCompile Include="DiscountCurveBuilder.cpp">
      <Filter>Source Files</Filter>
    </ClCompile>
    <ClCompile Include="TestDiscountCurve.cpp">
      <Filter>Source Files</Filter>
    </ClCompile>
    <ClCompile Include="MathUtil.cpp">
      <Filter>Source Files</Filter>
    </ClCompile>
    <ClCompile Include="swaption.cpp">
      <Filter>Source Files</Filter>
    </ClCompile>
    <ClCompile Include="TestSurface.cpp">
      <Filter>Source Files</Filter>
    </ClCompile>
    <ClCompile Include="SwaptionVolCubeBuilder.cpp">
      <Filter>Source Files</Filter>
    </ClCompile>
    <ClCompile Include="SwaptionVolCube.cpp">
      <Filter>Source Files</Filter>
    </ClCompile>
    <ClCompile Include="SwaptionVolFileSource.cpp">
      <Filter>Source Files</Filter>
    </ClCompile>
    <ClCompile Include="Market.cpp">
      <Filter>Source Files</Filter>
    </ClCompile>
    <ClCompile Include="MarketFileSource.cpp">
      <Filter>Source Files</Filter>
    </ClCompile>
    <ClCompile Include="Matrix.cpp">
      <Filter>Source Files</Filter>
    </ClCompile>
    <ClCompile Include="BondPriceFileSource.cpp">
      <Filter>Source Files</Filter>
    </ClCompile>
    <ClCompile Include="BondCurveBuilder.cpp">
      <Filter>Source Files</Filter>
    </ClCompile>
  </ItemGroup>
</Project>